
Microsoft Visual Studio Solution File, Format Version 12.00
# Visual Studio Version 17
VisualStudioVersion = 17.7.34003.232
MinimumVisualStudioVersion = 10.0.40219.1
Project("{9A19103F-16F7-4668-BE54-9A1E7A4F7556}") = "ToolboxH1", "ToolboxH1.csproj", "{9C9F2336-98C0-49D1-A7DA-85E3FA6972E5}"
EndProject
Project("{9A19103F-16F7-4668-BE54-9A1E7A4F7556}") = "DIexampleEasy", "..\DIexampleEasy\DIexampleEasy.csproj", "{EA3F1B8C-0B7E-4F94-8DB4-80C61C247550}"
EndProject
Project("{9A19103F-16F7-4668-BE54-9A1E7A4F7556}") = "SeriLogging", "..\SeriLogging\SeriLogging.csproj", "{8DE79970-45AF-41E4-BC04-809560DC2DF6}"
EndProject
Project("{FAE04EC0-301F-11D3-BF4B-00C04F79EFBC}") = "GettingSecrets", "..\GettingSecrets\GettingSecrets.csproj", "{6B69B8C9-7F81-437E-8F84-4DEB098C5DA0}"
EndProject
Global
	GlobalSection(SolutionConfigurationPlatforms) = preSolution
		Debug|Any CPU = Debug|Any CPU
		Release|Any CPU = Release|Any CPU
	EndGlobalSection
	GlobalSection(ProjectConfigurationPlatforms) = postSolution
		{9C9F2336-98C0-49D1-A7DA-85E3FA6972E5}.Debug|Any CPU.ActiveCfg = Debug|Any CPU
		{9C9F2336-98C0-49D1-A7DA-85E3FA6972E5}.Debug|Any CPU.Build.0 = Debug|Any CPU
		{9C9F2336-98C0-49D1-A7DA-85E3FA6972E5}.Release|Any CPU.ActiveCfg = Release|Any CPU
		{9C9F2336-98C0-49D1-A7DA-85E3FA6972E5}.Release|Any CPU.Build.0 = Release|Any CPU
		{EA3F1B8C-0B7E-4F94-8DB4-80C61C247550}.Debug|Any CPU.ActiveCfg = Debug|Any CPU
		{EA3F1B8C-0B7E-4F94-8DB4-80C61C247550}.Debug|Any CPU.Build.0 = Debug|Any CPU
		{EA3F1B8C-0B7E-4F94-8DB4-80C61C247550}.Release|Any CPU.ActiveCfg = Release|Any CPU
		{EA3F1B8C-0B7E-4F94-8DB4-80C61C247550}.Release|Any CPU.Build.0 = Release|Any CPU
		{8DE79970-45AF-41E4-BC04-809560DC2DF6}.Debug|Any CPU.ActiveCfg = Debug|Any CPU
		{8DE79970-45AF-41E4-BC04-809560DC2DF6}.Debug|Any CPU.Build.0 = Debug|Any CPU
		{8DE79970-45AF-41E4-BC04-809560DC2DF6}.Release|Any CPU.ActiveCfg = Release|Any CPU
		{8DE79970-45AF-41E4-BC04-809560DC2DF6}.Release|Any CPU.Build.0 = Release|Any CPU
		{6B69B8C9-7F81-437E-8F84-4DEB098C5DA0}.Debug|Any CPU.ActiveCfg = Debug|Any CPU
		{6B69B8C9-7F81-437E-8F84-4DEB098C5DA0}.Debug|Any CPU.Build.0 = Debug|Any CPU
		{6B69B8C9-7F81-437E-8F84-4DEB098C5DA0}.Release|Any CPU.ActiveCfg = Release|Any CPU
		{6B69B8C9-7F81-437E-8F84-4DEB098C5DA0}.Release|Any CPU.Build.0 = Release|Any CPU
	EndGlobalSection
	GlobalSection(SolutionProperties) = preSolution
		HideSolutionNode = FALSE
	EndGlobalSection
	GlobalSection(ExtensibilityGlobals) = postSolution
		SolutionGuid = {0C7C5F39-5080-464C-AB3F-2B761A2135B8}
	EndGlobalSection
EndGlobal
